# Generated by pub
# See http://pub.dartlang.org/doc/glossary.html#lockfile
packages:
  browser:
    description:
      name: browser
      url: "https://pub.dartlang.org"
    source: hosted
    version: "0.10.0+2"
  js:
    description:
      name: js
      url: "https://pub.dartlang.org"
    source: hosted
    version: "0.6.1"
  service_worker:
    description:
      name: service_worker
      url: "https://pub.dartlang.org"
    source: hosted
    version: "0.1.2"
sdks:
  dart: ">=1.21.0 <2.0.0"
